
Microsoft Visual Studio Solution File, Format Version 12.00
# Visual Studio Version 17
VisualStudioVersion = 17.11.35327.3
MinimumVisualStudioVersion = 10.0.40219.1
Project("{FAE04EC0-301F-11D3-BF4B-00C04F79EFBC}") = "pdfMaker", "pdfMaker.csproj", "{B9F0E64E-37D3-4DAF-92FC-E1D24ADC12BF}"
EndProject
Global
	GlobalSection(SolutionConfigurationPlatforms) = preSolution
		Debug|Any CPU = Debug|Any CPU
		Release|Any CPU = Release|Any CPU
	EndGlobalSection
	GlobalSection(ProjectConfigurationPlatforms) = postSolution
		{B9F0E64E-37D3-4DAF-92FC-E1D24ADC12BF}.Debug|Any CPU.ActiveCfg = Debug|Any CPU
		{B9F0E64E-37D3-4DAF-92FC-E1D24ADC12BF}.Debug|Any CPU.Build.0 = Debug|Any CPU
		{B9F0E64E-37D3-4DAF-92FC-E1D24ADC12BF}.Release|Any CPU.ActiveCfg = Release|Any CPU
		{B9F0E64E-37D3-4DAF-92FC-E1D24ADC12BF}.Release|Any CPU.Build.0 = Release|Any CPU
	EndGlobalSection
	GlobalSection(SolutionProperties) = preSolution
		HideSolutionNode = FALSE
	EndGlobalSection
	GlobalSection(ExtensibilityGlobals) = postSolution
		SolutionGuid = {AD3B5B4D-6DC2-4F2C-8A4E-284CFAF55C87}
	EndGlobalSection
EndGlobal
